// !$*UTF8*$!
{
	archiveVersion = 1;
	classes = {
	};
	objectVersion = 52;
	objects = {

/* Begin PBXBuildFile section */
		DA2397FB2606A1160037199E /* Assets.xcassets in Resources */ = {isa = PBXBuildFile; fileRef = DADB9C87259AA722000C1ABB /* Assets.xcassets */; };
		DA2397FC2606A1160037199E /* Simply_Good_HabitsApp.swift in Sources */ = {isa = PBXBuildFile; fileRef = DADB9C85259AA721000C1ABB /* Simply_Good_HabitsApp.swift */; };
		DA2397FF2606A1160037199E /* Bell-Tree.mp3 in Resources */ = {isa = PBXBuildFile; fileRef = DA32AAB425B4D704001D82DF /* Bell-Tree.mp3 */; };
		DA23981E2606A3530037199E /* Persistence.swift in Sources */ = {isa = PBXBuildFile; fileRef = DAB00FC225AB7BE10016E7DB /* Persistence.swift */; };
		DA2398252606A5EB0037199E /* Simply_Good_Habits.xcdatamodeld in Sources */ = {isa = PBXBuildFile; fileRef = DAB00F3925AB7B250016E7DB /* Simply_Good_Habits.xcdatamodeld */; };
		DA23987D2606B0870037199E /* CustomButtonStyles.swift in Sources */ = {isa = PBXBuildFile; fileRef = DAF45687259D7C970067345D /* CustomButtonStyles.swift */; };
		DA32AAA725B4D5A4001D82DF /* PlaySound.swift in Sources */ = {isa = PBXBuildFile; fileRef = DA32AAA625B4D5A4001D82DF /* PlaySound.swift */; };
		DA32AAA825B4D5A4001D82DF /* PlaySound.swift in Sources */ = {isa = PBXBuildFile; fileRef = DA32AAA625B4D5A4001D82DF /* PlaySound.swift */; };
		DA32AAAE25B4D5DC001D82DF /* Haptics.swift in Sources */ = {isa = PBXBuildFile; fileRef = DA32AAAD25B4D5DC001D82DF /* Haptics.swift */; };
		DA32AAAF25B4D5DC001D82DF /* Haptics.swift in Sources */ = {isa = PBXBuildFile; fileRef = DA32AAAD25B4D5DC001D82DF /* Haptics.swift */; };
		DA32AAB525B4D704001D82DF /* Bell-Tree.mp3 in Resources */ = {isa = PBXBuildFile; fileRef = DA32AAB425B4D704001D82DF /* Bell-Tree.mp3 */; };
		DA32AAB625B4D704001D82DF /* Bell-Tree.mp3 in Resources */ = {isa = PBXBuildFile; fileRef = DA32AAB425B4D704001D82DF /* Bell-Tree.mp3 */; };
		DA36AAEC261A308200FEC043 /* ContentView.swift in Sources */ = {isa = PBXBuildFile; fileRef = DADB9C86259AA721000C1ABB /* ContentView.swift */; };
		DA36AAF3261A324A00FEC043 /* WelcomeView.swift in Sources */ = {isa = PBXBuildFile; fileRef = DADB2D1125BCCD9B006BBAA4 /* WelcomeView.swift */; };
		DA36AAF4261A324A00FEC043 /* EditView.swift in Sources */ = {isa = PBXBuildFile; fileRef = DA4D53AD25C8F87F00974930 /* EditView.swift */; };
		DA4D53AE25C8F87F00974930 /* EditView.swift in Sources */ = {isa = PBXBuildFile; fileRef = DA4D53AD25C8F87F00974930 /* EditView.swift */; };
		DA4D53AF25C8F87F00974930 /* EditView.swift in Sources */ = {isa = PBXBuildFile; fileRef = DA4D53AD25C8F87F00974930 /* EditView.swift */; };
		DA71E81C25EC18D7009C14E1 /* Assets.xcassets in Resources */ = {isa = PBXBuildFile; fileRef = DA71E81B25EC18D7009C14E1 /* Assets.xcassets */; };
		DA71E82325EC18D7009C14E1 /* WatchSimplyGoodHabits Extension.appex in Embed App Extensions */ = {isa = PBXBuildFile; fileRef = DA71E82225EC18D7009C14E1 /* WatchSimplyGoodHabits Extension.appex */; settings = {ATTRIBUTES = (RemoveHeadersOnCopy, ); }; };
		DA71E82C25EC18D7009C14E1 /* NotificationController.swift in Sources */ = {isa = PBXBuildFile; fileRef = DA71E82B25EC18D7009C14E1 /* NotificationController.swift */; };
		DA71E82E25EC18D7009C14E1 /* NotificationView.swift in Sources */ = {isa = PBXBuildFile; fileRef = DA71E82D25EC18D7009C14E1 /* NotificationView.swift */; };
		DA71E83025EC18D7009C14E1 /* ComplicationController.swift in Sources */ = {isa = PBXBuildFile; fileRef = DA71E82F25EC18D7009C14E1 /* ComplicationController.swift */; };
		DA71E83225EC18D8009C14E1 /* Assets.xcassets in Resources */ = {isa = PBXBuildFile; fileRef = DA71E83125EC18D8009C14E1 /* Assets.xcassets */; };
		DA71E83525EC18D8009C14E1 /* Preview Assets.xcassets in Resources */ = {isa = PBXBuildFile; fileRef = DA71E83425EC18D8009C14E1 /* Preview Assets.xcassets */; };
		DA71E83A25EC18D8009C14E1 /* WatchSimplyGoodHabits.app in Embed Watch Content */ = {isa = PBXBuildFile; fileRef = DA71E81925EC18D7009C14E1 /* WatchSimplyGoodHabits.app */; settings = {ATTRIBUTES = (RemoveHeadersOnCopy, ); }; };
		DAA0532726193A31003C3465 /* NavigationStack in Frameworks */ = {isa = PBXBuildFile; productRef = DAA0532626193A31003C3465 /* NavigationStack */; };
		DAA3963226DAD11400F812C9 /* SessionDelegator.swift in Sources */ = {isa = PBXBuildFile; fileRef = DAA3963126DAD11400F812C9 /* SessionDelegator.swift */; };
		DAA3963326DAD11400F812C9 /* SessionDelegator.swift in Sources */ = {isa = PBXBuildFile; fileRef = DAA3963126DAD11400F812C9 /* SessionDelegator.swift */; };
		DAA3963426DAD11400F812C9 /* SessionDelegator.swift in Sources */ = {isa = PBXBuildFile; fileRef = DAA3963126DAD11400F812C9 /* SessionDelegator.swift */; };
		DAB00F3B25AB7B250016E7DB /* Simply_Good_Habits.xcdatamodeld in Sources */ = {isa = PBXBuildFile; fileRef = DAB00F3925AB7B250016E7DB /* Simply_Good_Habits.xcdatamodeld */; };
		DAB00F3C25AB7B250016E7DB /* Simply_Good_Habits.xcdatamodeld in Sources */ = {isa = PBXBuildFile; fileRef = DAB00F3925AB7B250016E7DB /* Simply_Good_Habits.xcdatamodeld */; };
		DAB00FC325AB7BE10016E7DB /* Persistence.swift in Sources */ = {isa = PBXBuildFile; fileRef = DAB00FC225AB7BE10016E7DB /* Persistence.swift */; };
		DAB00FC425AB7BE10016E7DB /* Persistence.swift in Sources */ = {isa = PBXBuildFile; fileRef = DAB00FC225AB7BE10016E7DB /* Persistence.swift */; };
		DAC15E2D25D0E7550052B85D /* NavigationStack in Frameworks */ = {isa = PBXBuildFile; productRef = DAC15E2C25D0E7550052B85D /* NavigationStack */; };
		DAC4E16529EF702B004B62C3 /* CoreDataHelper.swift in Sources */ = {isa = PBXBuildFile; fileRef = DAC4E16429EF702B004B62C3 /* CoreDataHelper.swift */; };
		DAC4E16629EF702B004B62C3 /* CoreDataHelper.swift in Sources */ = {isa = PBXBuildFile; fileRef = DAC4E16429EF702B004B62C3 /* CoreDataHelper.swift */; };
		DAC4E16729EF702B004B62C3 /* CoreDataHelper.swift in Sources */ = {isa = PBXBuildFile; fileRef = DAC4E16429EF702B004B62C3 /* CoreDataHelper.swift */; };
		DADB2D1225BCCD9B006BBAA4 /* WelcomeView.swift in Sources */ = {isa = PBXBuildFile; fileRef = DADB2D1125BCCD9B006BBAA4 /* WelcomeView.swift */; };
		DADB2D1325BCCD9B006BBAA4 /* WelcomeView.swift in Sources */ = {isa = PBXBuildFile; fileRef = DADB2D1125BCCD9B006BBAA4 /* WelcomeView.swift */; };
		DADB9CA1259AA722000C1ABB /* Tests_iOS.swift in Sources */ = {isa = PBXBuildFile; fileRef = DADB9CA0259AA722000C1ABB /* Tests_iOS.swift */; };
		DADB9CAC259AA722000C1ABB /* Tests_macOS.swift in Sources */ = {isa = PBXBuildFile; fileRef = DADB9CAB259AA722000C1ABB /* Tests_macOS.swift */; };
		DADB9CAE259AA722000C1ABB /* Simply_Good_HabitsApp.swift in Sources */ = {isa = PBXBuildFile; fileRef = DADB9C85259AA721000C1ABB /* Simply_Good_HabitsApp.swift */; };
		DADB9CAF259AA722000C1ABB /* Simply_Good_HabitsApp.swift in Sources */ = {isa = PBXBuildFile; fileRef = DADB9C85259AA721000C1ABB /* Simply_Good_HabitsApp.swift */; };
		DADB9CB0259AA722000C1ABB /* ContentView.swift in Sources */ = {isa = PBXBuildFile; fileRef = DADB9C86259AA721000C1ABB /* ContentView.swift */; };
		DADB9CB1259AA722000C1ABB /* ContentView.swift in Sources */ = {isa = PBXBuildFile; fileRef = DADB9C86259AA721000C1ABB /* ContentView.swift */; };
		DADB9CB2259AA722000C1ABB /* Assets.xcassets in Resources */ = {isa = PBXBuildFile; fileRef = DADB9C87259AA722000C1ABB /* Assets.xcassets */; };
		DADB9CB3259AA722000C1ABB /* Assets.xcassets in Resources */ = {isa = PBXBuildFile; fileRef = DADB9C87259AA722000C1ABB /* Assets.xcassets */; };
		DAF45688259D7C970067345D /* CustomButtonStyles.swift in Sources */ = {isa = PBXBuildFile; fileRef = DAF45687259D7C970067345D /* CustomButtonStyles.swift */; };
		DAF45689259D7C970067345D /* CustomButtonStyles.swift in Sources */ = {isa = PBXBuildFile; fileRef = DAF45687259D7C970067345D /* CustomButtonStyles.swift */; };
/* End PBXBuildFile section */

/* Begin PBXContainerItemProxy section */
		DA71E82425EC18D7009C14E1 /* PBXContainerItemProxy */ = {
			isa = PBXContainerItemProxy;
			containerPortal = DADB9C80259AA721000C1ABB /* Project object */;
			proxyType = 1;
			remoteGlobalIDString = DA71E82125EC18D7009C14E1;
			remoteInfo = "WatchSimplyGoodHabits Extension";
		};
		DA71E83825EC18D8009C14E1 /* PBXContainerItemProxy */ = {
			isa = PBXContainerItemProxy;
			containerPortal = DADB9C80259AA721000C1ABB /* Project object */;
			proxyType = 1;
			remoteGlobalIDString = DA71E81825EC18D7009C14E1;
			remoteInfo = WatchSimplyGoodHabits;
		};
		DADB9C9D259AA722000C1ABB /* PBXContainerItemProxy */ = {
			isa = PBXContainerItemProxy;
			containerPortal = DADB9C80259AA721000C1ABB /* Project object */;
			proxyType = 1;
			remoteGlobalIDString = DADB9C8B259AA722000C1ABB;
			remoteInfo = "Simply Good Habits (iOS)";
		};
		DADB9CA8259AA722000C1ABB /* PBXContainerItemProxy */ = {
			isa = PBXContainerItemProxy;
			containerPortal = DADB9C80259AA721000C1ABB /* Project object */;
			proxyType = 1;
			remoteGlobalIDString = DADB9C93259AA722000C1ABB;
			remoteInfo = "Simply Good Habits (macOS)";
		};
/* End PBXContainerItemProxy section */

/* Begin PBXCopyFilesBuildPhase section */
		DA71E83B25EC18D8009C14E1 /* Embed Watch Content */ = {
			isa = PBXCopyFilesBuildPhase;
			buildActionMask = 2147483647;
			dstPath = "$(CONTENTS_FOLDER_PATH)/Watch";
			dstSubfolderSpec = 16;
			files = (
				DA71E83A25EC18D8009C14E1 /* WatchSimplyGoodHabits.app in Embed Watch Content */,
			);
			name = "Embed Watch Content";
			runOnlyForDeploymentPostprocessing = 0;
		};
		DA71E83E25EC18D8009C14E1 /* Embed App Extensions */ = {
			isa = PBXCopyFilesBuildPhase;
			buildActionMask = 2147483647;
			dstPath = "";
			dstSubfolderSpec = 13;
			files = (
				DA71E82325EC18D7009C14E1 /* WatchSimplyGoodHabits Extension.appex in Embed App Extensions */,
			);
			name = "Embed App Extensions";
			runOnlyForDeploymentPostprocessing = 0;
		};
/* End PBXCopyFilesBuildPhase section */

/* Begin PBXFileReference section */
		DA32AAA625B4D5A4001D82DF /* PlaySound.swift */ = {isa = PBXFileReference; lastKnownFileType = sourcecode.swift; path = PlaySound.swift; sourceTree = "<group>"; };
		DA32AAAD25B4D5DC001D82DF /* Haptics.swift */ = {isa = PBXFileReference; lastKnownFileType = sourcecode.swift; path = Haptics.swift; sourceTree = "<group>"; };
		DA32AAB425B4D704001D82DF /* Bell-Tree.mp3 */ = {isa = PBXFileReference; lastKnownFileType = audio.mp3; path = "Bell-Tree.mp3"; sourceTree = "<group>"; };
		DA4D53AD25C8F87F00974930 /* EditView.swift */ = {isa = PBXFileReference; lastKnownFileType = sourcecode.swift; path = EditView.swift; sourceTree = "<group>"; };
		DA71E81925EC18D7009C14E1 /* WatchSimplyGoodHabits.app */ = {isa = PBXFileReference; explicitFileType = wrapper.application; includeInIndex = 0; path = WatchSimplyGoodHabits.app; sourceTree = BUILT_PRODUCTS_DIR; };
		DA71E81B25EC18D7009C14E1 /* Assets.xcassets */ = {isa = PBXFileReference; lastKnownFileType = folder.assetcatalog; path = Assets.xcassets; sourceTree = "<group>"; };
		DA71E81D25EC18D7009C14E1 /* Info.plist */ = {isa = PBXFileReference; lastKnownFileType = text.plist.xml; path = Info.plist; sourceTree = "<group>"; };
		DA71E82225EC18D7009C14E1 /* WatchSimplyGoodHabits Extension.appex */ = {isa = PBXFileReference; explicitFileType = "wrapper.app-extension"; includeInIndex = 0; path = "WatchSimplyGoodHabits Extension.appex"; sourceTree = BUILT_PRODUCTS_DIR; };
		DA71E82B25EC18D7009C14E1 /* NotificationController.swift */ = {isa = PBXFileReference; lastKnownFileType = sourcecode.swift; path = NotificationController.swift; sourceTree = "<group>"; };
		DA71E82D25EC18D7009C14E1 /* NotificationView.swift */ = {isa = PBXFileReference; lastKnownFileType = sourcecode.swift; path = NotificationView.swift; sourceTree = "<group>"; };
		DA71E82F25EC18D7009C14E1 /* ComplicationController.swift */ = {isa = PBXFileReference; lastKnownFileType = sourcecode.swift; path = ComplicationController.swift; sourceTree = "<group>"; };
		DA71E83125EC18D8009C14E1 /* Assets.xcassets */ = {isa = PBXFileReference; lastKnownFileType = folder.assetcatalog; path = Assets.xcassets; sourceTree = "<group>"; };
		DA71E83425EC18D8009C14E1 /* Preview Assets.xcassets */ = {isa = PBXFileReference; lastKnownFileType = folder.assetcatalog; path = "Preview Assets.xcassets"; sourceTree = "<group>"; };
		DA71E83625EC18D8009C14E1 /* Info.plist */ = {isa = PBXFileReference; lastKnownFileType = text.plist.xml; path = Info.plist; sourceTree = "<group>"; };
		DA71E83725EC18D8009C14E1 /* PushNotificationPayload.apns */ = {isa = PBXFileReference; lastKnownFileType = text; path = PushNotificationPayload.apns; sourceTree = "<group>"; };
		DAA3963126DAD11400F812C9 /* SessionDelegator.swift */ = {isa = PBXFileReference; lastKnownFileType = sourcecode.swift; path = SessionDelegator.swift; sourceTree = "<group>"; };
		DAB00F3A25AB7B250016E7DB /* SimplyGoodHabits.xcdatamodel */ = {isa = PBXFileReference; lastKnownFileType = wrapper.xcdatamodel; path = SimplyGoodHabits.xcdatamodel; sourceTree = "<group>"; };
		DAB00FC225AB7BE10016E7DB /* Persistence.swift */ = {isa = PBXFileReference; lastKnownFileType = sourcecode.swift; path = Persistence.swift; sourceTree = "<group>"; };
		DAC4E16429EF702B004B62C3 /* CoreDataHelper.swift */ = {isa = PBXFileReference; lastKnownFileType = sourcecode.swift; path = CoreDataHelper.swift; sourceTree = "<group>"; };
		DADB2D1125BCCD9B006BBAA4 /* WelcomeView.swift */ = {isa = PBXFileReference; lastKnownFileType = sourcecode.swift; path = WelcomeView.swift; sourceTree = "<group>"; };
		DADB9C85259AA721000C1ABB /* Simply_Good_HabitsApp.swift */ = {isa = PBXFileReference; lastKnownFileType = sourcecode.swift; path = Simply_Good_HabitsApp.swift; sourceTree = "<group>"; };
		DADB9C86259AA721000C1ABB /* ContentView.swift */ = {isa = PBXFileReference; lastKnownFileType = sourcecode.swift; path = ContentView.swift; sourceTree = "<group>"; };
		DADB9C87259AA722000C1ABB /* Assets.xcassets */ = {isa = PBXFileReference; lastKnownFileType = folder.assetcatalog; path = Assets.xcassets; sourceTree = "<group>"; };
		DADB9C8C259AA722000C1ABB /* Simply Good Habits.app */ = {isa = PBXFileReference; explicitFileType = wrapper.application; includeInIndex = 0; path = "Simply Good Habits.app"; sourceTree = BUILT_PRODUCTS_DIR; };
		DADB9C8F259AA722000C1ABB /* Info.plist */ = {isa = PBXFileReference; lastKnownFileType = text.plist.xml; path = Info.plist; sourceTree = "<group>"; };
		DADB9C94259AA722000C1ABB /* Simply Good Habits.app */ = {isa = PBXFileReference; explicitFileType = wrapper.application; includeInIndex = 0; path = "Simply Good Habits.app"; sourceTree = BUILT_PRODUCTS_DIR; };
		DADB9C96259AA722000C1ABB /* Info.plist */ = {isa = PBXFileReference; lastKnownFileType = text.plist.xml; path = Info.plist; sourceTree = "<group>"; };
		DADB9C97259AA722000C1ABB /* macOS.entitlements */ = {isa = PBXFileReference; lastKnownFileType = text.plist.entitlements; path = macOS.entitlements; sourceTree = "<group>"; };
		DADB9C9C259AA722000C1ABB /* Tests iOS.xctest */ = {isa = PBXFileReference; explicitFileType = wrapper.cfbundle; includeInIndex = 0; path = "Tests iOS.xctest"; sourceTree = BUILT_PRODUCTS_DIR; };
		DADB9CA0259AA722000C1ABB /* Tests_iOS.swift */ = {isa = PBXFileReference; lastKnownFileType = sourcecode.swift; path = Tests_iOS.swift; sourceTree = "<group>"; };
		DADB9CA2259AA722000C1ABB /* Info.plist */ = {isa = PBXFileReference; lastKnownFileType = text.plist.xml; path = Info.plist; sourceTree = "<group>"; };
		DADB9CA7259AA722000C1ABB /* Tests macOS.xctest */ = {isa = PBXFileReference; explicitFileType = wrapper.cfbundle; includeInIndex = 0; path = "Tests macOS.xctest"; sourceTree = BUILT_PRODUCTS_DIR; };
		DADB9CAB259AA722000C1ABB /* Tests_macOS.swift */ = {isa = PBXFileReference; lastKnownFileType = sourcecode.swift; path = Tests_macOS.swift; sourceTree = "<group>"; };
		DADB9CAD259AA722000C1ABB /* Info.plist */ = {isa = PBXFileReference; lastKnownFileType = text.plist.xml; path = Info.plist; sourceTree = "<group>"; };
		DAF45687259D7C970067345D /* CustomButtonStyles.swift */ = {isa = PBXFileReference; lastKnownFileType = sourcecode.swift; path = CustomButtonStyles.swift; sourceTree = "<group>"; };
/* End PBXFileReference section */

/* Begin PBXFrameworksBuildPhase section */
		DA71E81F25EC18D7009C14E1 /* Frameworks */ = {
			isa = PBXFrameworksBuildPhase;
			buildActionMask = 2147483647;
			files = (
				DAA0532726193A31003C3465 /* NavigationStack in Frameworks */,
			);
			runOnlyForDeploymentPostprocessing = 0;
		};
		DADB9C89259AA722000C1ABB /* Frameworks */ = {
			isa = PBXFrameworksBuildPhase;
			buildActionMask = 2147483647;
			files = (
				DAC15E2D25D0E7550052B85D /* NavigationStack in Frameworks */,
			);
			runOnlyForDeploymentPostprocessing = 0;
		};
		DADB9C91259AA722000C1ABB /* Frameworks */ = {
			isa = PBXFrameworksBuildPhase;
			buildActionMask = 2147483647;
			files = (
			);
			runOnlyForDeploymentPostprocessing = 0;
		};
		DADB9C99259AA722000C1ABB /* Frameworks */ = {
			isa = PBXFrameworksBuildPhase;
			buildActionMask = 2147483647;
			files = (
			);
			runOnlyForDeploymentPostprocessing = 0;
		};
		DADB9CA4259AA722000C1ABB /* Frameworks */ = {
			isa = PBXFrameworksBuildPhase;
			buildActionMask = 2147483647;
			files = (
			);
			runOnlyForDeploymentPostprocessing = 0;
		};
/* End PBXFrameworksBuildPhase section */

/* Begin PBXGroup section */
		DA23984E2606ACFC0037199E /* Frameworks */ = {
			isa = PBXGroup;
			children = (
			);
			name = Frameworks;
			sourceTree = "<group>";
		};
		DA71E81A25EC18D7009C14E1 /* WatchSimplyGoodHabits */ = {
			isa = PBXGroup;
			children = (
				DA71E81B25EC18D7009C14E1 /* Assets.xcassets */,
				DA71E81D25EC18D7009C14E1 /* Info.plist */,
			);
			path = WatchSimplyGoodHabits;
			sourceTree = "<group>";
		};
		DA71E82625EC18D7009C14E1 /* WatchSimplyGoodHabits Extension */ = {
			isa = PBXGroup;
			children = (
				DA71E82B25EC18D7009C14E1 /* NotificationController.swift */,
				DA71E82D25EC18D7009C14E1 /* NotificationView.swift */,
				DA71E82F25EC18D7009C14E1 /* ComplicationController.swift */,
				DA71E83125EC18D8009C14E1 /* Assets.xcassets */,
				DA71E83625EC18D8009C14E1 /* Info.plist */,
				DA71E83725EC18D8009C14E1 /* PushNotificationPayload.apns */,
				DA71E83325EC18D8009C14E1 /* Preview Content */,
			);
			path = "WatchSimplyGoodHabits Extension";
			sourceTree = "<group>";
		};
		DA71E83325EC18D8009C14E1 /* Preview Content */ = {
			isa = PBXGroup;
			children = (
				DA71E83425EC18D8009C14E1 /* Preview Assets.xcassets */,
			);
			path = "Preview Content";
			sourceTree = "<group>";
		};
		DADB9C7F259AA721000C1ABB = {
			isa = PBXGroup;
			children = (
				DADB9C84259AA721000C1ABB /* Shared */,
				DADB9C8E259AA722000C1ABB /* iOS */,
				DADB9C95259AA722000C1ABB /* macOS */,
				DADB9C9F259AA722000C1ABB /* Tests iOS */,
				DADB9CAA259AA722000C1ABB /* Tests macOS */,
				DA71E81A25EC18D7009C14E1 /* WatchSimplyGoodHabits */,
				DA71E82625EC18D7009C14E1 /* WatchSimplyGoodHabits Extension */,
				DADB9C8D259AA722000C1ABB /* Products */,
				DA23984E2606ACFC0037199E /* Frameworks */,
			);
			sourceTree = "<group>";
		};
		DADB9C84259AA721000C1ABB /* Shared */ = {
			isa = PBXGroup;
			children = (
				DADB9C85259AA721000C1ABB /* Simply_Good_HabitsApp.swift */,
				DADB9C86259AA721000C1ABB /* ContentView.swift */,
				DAC4E16429EF702B004B62C3 /* CoreDataHelper.swift */,
				DAA3963126DAD11400F812C9 /* SessionDelegator.swift */,
				DADB2D1125BCCD9B006BBAA4 /* WelcomeView.swift */,
				DA4D53AD25C8F87F00974930 /* EditView.swift */,
				DADB9C87259AA722000C1ABB /* Assets.xcassets */,
				DA32AAAD25B4D5DC001D82DF /* Haptics.swift */,
				DAF45687259D7C970067345D /* CustomButtonStyles.swift */,
				DAB00FC225AB7BE10016E7DB /* Persistence.swift */,
				DAB00F3925AB7B250016E7DB /* Simply_Good_Habits.xcdatamodeld */,
				DA32AAA625B4D5A4001D82DF /* PlaySound.swift */,
				DA32AAB425B4D704001D82DF /* Bell-Tree.mp3 */,
			);
			path = Shared;
			sourceTree = "<group>";
		};
		DADB9C8D259AA722000C1ABB /* Products */ = {
			isa = PBXGroup;
			children = (
				DADB9C8C259AA722000C1ABB /* Simply Good Habits.app */,
				DADB9C94259AA722000C1ABB /* Simply Good Habits.app */,
				DADB9C9C259AA722000C1ABB /* Tests iOS.xctest */,
				DADB9CA7259AA722000C1ABB /* Tests macOS.xctest */,
				DA71E81925EC18D7009C14E1 /* WatchSimplyGoodHabits.app */,
				DA71E82225EC18D7009C14E1 /* WatchSimplyGoodHabits Extension.appex */,
			);
			name = Products;
			sourceTree = "<group>";
		};
		DADB9C8E259AA722000C1ABB /* iOS */ = {
			isa = PBXGroup;
			children = (
				DADB9C8F259AA722000C1ABB /* Info.plist */,
			);
			path = iOS;
			sourceTree = "<group>";
		};
		DADB9C95259AA722000C1ABB /* macOS */ = {
			isa = PBXGroup;
			children = (
				DADB9C96259AA722000C1ABB /* Info.plist */,
				DADB9C97259AA722000C1ABB /* macOS.entitlements */,
			);
			path = macOS;
			sourceTree = "<group>";
		};
		DADB9C9F259AA722000C1ABB /* Tests iOS */ = {
			isa = PBXGroup;
			children = (
				DADB9CA0259AA722000C1ABB /* Tests_iOS.swift */,
				DADB9CA2259AA722000C1ABB /* Info.plist */,
			);
			path = "Tests iOS";
			sourceTree = "<group>";
		};
		DADB9CAA259AA722000C1ABB /* Tests macOS */ = {
			isa = PBXGroup;
			children = (
				DADB9CAB259AA722000C1ABB /* Tests_macOS.swift */,
				DADB9CAD259AA722000C1ABB /* Info.plist */,
			);
			path = "Tests macOS";
			sourceTree = "<group>";
		};
/* End PBXGroup section */

/* Begin PBXNativeTarget section */
		DA71E81825EC18D7009C14E1 /* WatchSimplyGoodHabits */ = {
			isa = PBXNativeTarget;
			buildConfigurationList = DA71E84225EC18D8009C14E1 /* Build configuration list for PBXNativeTarget "WatchSimplyGoodHabits" */;
			buildPhases = (
				DA71E81725EC18D7009C14E1 /* Resources */,
				DA71E83E25EC18D8009C14E1 /* Embed App Extensions */,
			);
			buildRules = (
			);
			dependencies = (
				DA71E82525EC18D7009C14E1 /* PBXTargetDependency */,
			);
			name = WatchSimplyGoodHabits;
			productName = WatchSimplyGoodHabits;
			productReference = DA71E81925EC18D7009C14E1 /* WatchSimplyGoodHabits.app */;
			productType = "com.apple.product-type.application.watchapp2";
		};
		DA71E82125EC18D7009C14E1 /* WatchSimplyGoodHabits Extension */ = {
			isa = PBXNativeTarget;
			buildConfigurationList = DA71E84125EC18D8009C14E1 /* Build configuration list for PBXNativeTarget "WatchSimplyGoodHabits Extension" */;
			buildPhases = (
				DA71E81E25EC18D7009C14E1 /* Sources */,
				DA71E81F25EC18D7009C14E1 /* Frameworks */,
				DA71E82025EC18D7009C14E1 /* Resources */,
			);
			buildRules = (
			);
			dependencies = (
			);
			name = "WatchSimplyGoodHabits Extension";
			packageProductDependencies = (
				DAA0532626193A31003C3465 /* NavigationStack */,
			);
			productName = "WatchSimplyGoodHabits Extension";
			productReference = DA71E82225EC18D7009C14E1 /* WatchSimplyGoodHabits Extension.appex */;
			productType = "com.apple.product-type.watchkit2-extension";
		};
		DADB9C8B259AA722000C1ABB /* Simply Good Habits (iOS) */ = {
			isa = PBXNativeTarget;
			buildConfigurationList = DADB9CB6259AA722000C1ABB /* Build configuration list for PBXNativeTarget "Simply Good Habits (iOS)" */;
			buildPhases = (
				DADB9C88259AA722000C1ABB /* Sources */,
				DADB9C89259AA722000C1ABB /* Frameworks */,
				DADB9C8A259AA722000C1ABB /* Resources */,
				DA71E83B25EC18D8009C14E1 /* Embed Watch Content */,
			);
			buildRules = (
			);
			dependencies = (
				DA71E83925EC18D8009C14E1 /* PBXTargetDependency */,
			);
			name = "Simply Good Habits (iOS)";
			packageProductDependencies = (
				DAC15E2C25D0E7550052B85D /* NavigationStack */,
			);
			productName = "Simply Good Habits (iOS)";
			productReference = DADB9C8C259AA722000C1ABB /* Simply Good Habits.app */;
			productType = "com.apple.product-type.application";
		};
		DADB9C93259AA722000C1ABB /* Simply Good Habits (macOS) */ = {
			isa = PBXNativeTarget;
			buildConfigurationList = DADB9CB9259AA722000C1ABB /* Build configuration list for PBXNativeTarget "Simply Good Habits (macOS)" */;
			buildPhases = (
				DADB9C90259AA722000C1ABB /* Sources */,
				DADB9C91259AA722000C1ABB /* Frameworks */,
				DADB9C92259AA722000C1ABB /* Resources */,
			);
			buildRules = (
			);
			dependencies = (
			);
			name = "Simply Good Habits (macOS)";
			productName = "Simply Good Habits (macOS)";
			productReference = DADB9C94259AA722000C1ABB /* Simply Good Habits.app */;
			productType = "com.apple.product-type.application";
		};
		DADB9C9B259AA722000C1ABB /* Tests iOS */ = {
			isa = PBXNativeTarget;
			buildConfigurationList = DADB9CBC259AA722000C1ABB /* Build configuration list for PBXNativeTarget "Tests iOS" */;
			buildPhases = (
				DADB9C98259AA722000C1ABB /* Sources */,
				DADB9C99259AA722000C1ABB /* Frameworks */,
				DADB9C9A259AA722000C1ABB /* Resources */,
			);
			buildRules = (
			);
			dependencies = (
				DADB9C9E259AA722000C1ABB /* PBXTargetDependency */,
			);
			name = "Tests iOS";
			productName = "Tests iOS";
			productReference = DADB9C9C259AA722000C1ABB /* Tests iOS.xctest */;
			productType = "com.apple.product-type.bundle.ui-testing";
		};
		DADB9CA6259AA722000C1ABB /* Tests macOS */ = {
			isa = PBXNativeTarget;
			buildConfigurationList = DADB9CBF259AA722000C1ABB /* Build configuration list for PBXNativeTarget "Tests macOS" */;
			buildPhases = (
				DADB9CA3259AA722000C1ABB /* Sources */,
				DADB9CA4259AA722000C1ABB /* Frameworks */,
				DADB9CA5259AA722000C1ABB /* Resources */,
			);
			buildRules = (
			);
			dependencies = (
				DADB9CA9259AA722000C1ABB /* PBXTargetDependency */,
			);
			name = "Tests macOS";
			productName = "Tests macOS";
			productReference = DADB9CA7259AA722000C1ABB /* Tests macOS.xctest */;
			productType = "com.apple.product-type.bundle.ui-testing";
		};
/* End PBXNativeTarget section */

/* Begin PBXProject section */
		DADB9C80259AA721000C1ABB /* Project object */ = {
			isa = PBXProject;
			attributes = {
				LastSwiftUpdateCheck = 1240;
				LastUpgradeCheck = 1240;
				TargetAttributes = {
					DA71E81825EC18D7009C14E1 = {
						CreatedOnToolsVersion = 12.4;
					};
					DA71E82125EC18D7009C14E1 = {
						CreatedOnToolsVersion = 12.4;
					};
					DADB9C8B259AA722000C1ABB = {
						CreatedOnToolsVersion = 12.3;
					};
					DADB9C93259AA722000C1ABB = {
						CreatedOnToolsVersion = 12.3;
					};
					DADB9C9B259AA722000C1ABB = {
						CreatedOnToolsVersion = 12.3;
						TestTargetID = DADB9C8B259AA722000C1ABB;
					};
					DADB9CA6259AA722000C1ABB = {
						CreatedOnToolsVersion = 12.3;
						TestTargetID = DADB9C93259AA722000C1ABB;
					};
				};
			};
			buildConfigurationList = DADB9C83259AA721000C1ABB /* Build configuration list for PBXProject "Simply Good Habits" */;
			compatibilityVersion = "Xcode 9.3";
			developmentRegion = en;
			hasScannedForEncodings = 0;
			knownRegions = (
				en,
				Base,
			);
			mainGroup = DADB9C7F259AA721000C1ABB;
			packageReferences = (
				DAC15E2B25D0E7550052B85D /* XCRemoteSwiftPackageReference "swiftui-navigation-stack" */,
			);
			productRefGroup = DADB9C8D259AA722000C1ABB /* Products */;
			projectDirPath = "";
			projectRoot = "";
			targets = (
				DADB9C8B259AA722000C1ABB /* Simply Good Habits (iOS) */,
				DADB9C93259AA722000C1ABB /* Simply Good Habits (macOS) */,
				DADB9C9B259AA722000C1ABB /* Tests iOS */,
				DADB9CA6259AA722000C1ABB /* Tests macOS */,
				DA71E81825EC18D7009C14E1 /* WatchSimplyGoodHabits */,
				DA71E82125EC18D7009C14E1 /* WatchSimplyGoodHabits Extension */,
			);
		};
/* End PBXProject section */

/* Begin PBXResourcesBuildPhase section */
		DA71E81725EC18D7009C14E1 /* Resources */ = {
			isa = PBXResourcesBuildPhase;
			buildActionMask = 2147483647;
			files = (
				DA71E81C25EC18D7009C14E1 /* Assets.xcassets in Resources */,
			);
			runOnlyForDeploymentPostprocessing = 0;
		};
		DA71E82025EC18D7009C14E1 /* Resources */ = {
			isa = PBXResourcesBuildPhase;
			buildActionMask = 2147483647;
			files = (
				DA71E83525EC18D8009C14E1 /* Preview Assets.xcassets in Resources */,
				DA2397FB2606A1160037199E /* Assets.xcassets in Resources */,
				DA71E83225EC18D8009C14E1 /* Assets.xcassets in Resources */,
				DA2397FF2606A1160037199E /* Bell-Tree.mp3 in Resources */,
			);
			runOnlyForDeploymentPostprocessing = 0;
		};
		DADB9C8A259AA722000C1ABB /* Resources */ = {
			isa = PBXResourcesBuildPhase;
			buildActionMask = 2147483647;
			files = (
				DADB9CB2259AA722000C1ABB /* Assets.xcassets in Resources */,
				DA32AAB525B4D704001D82DF /* Bell-Tree.mp3 in Resources */,
			);
			runOnlyForDeploymentPostprocessing = 0;
		};
		DADB9C92259AA722000C1ABB /* Resources */ = {
			isa = PBXResourcesBuildPhase;
			buildActionMask = 2147483647;
			files = (
				DADB9CB3259AA722000C1ABB /* Assets.xcassets in Resources */,
				DA32AAB625B4D704001D82DF /* Bell-Tree.mp3 in Resources */,
			);
			runOnlyForDeploymentPostprocessing = 0;
		};
		DADB9C9A259AA722000C1ABB /* Resources */ = {
			isa = PBXResourcesBuildPhase;
			buildActionMask = 2147483647;
			files = (
			);
			runOnlyForDeploymentPostprocessing = 0;
		};
		DADB9CA5259AA722000C1ABB /* Resources */ = {
			isa = PBXResourcesBuildPhase;
			buildActionMask = 2147483647;
			files = (
			);
			runOnlyForDeploymentPostprocessing = 0;
		};
/* End PBXResourcesBuildPhase section */

/* Begin PBXSourcesBuildPhase section */
		DA71E81E25EC18D7009C14E1 /* Sources */ = {
			isa = PBXSourcesBuildPhase;
			buildActionMask = 2147483647;
			files = (
				DA2397FC2606A1160037199E /* Simply_Good_HabitsApp.swift in Sources */,
				DAA3963426DAD11400F812C9 /* SessionDelegator.swift in Sources */,
				DA71E82C25EC18D7009C14E1 /* NotificationController.swift in Sources */,
				DA36AAF4261A324A00FEC043 /* EditView.swift in Sources */,
				DA23981E2606A3530037199E /* Persistence.swift in Sources */,
				DA71E83025EC18D7009C14E1 /* ComplicationController.swift in Sources */,
				DA36AAF3261A324A00FEC043 /* WelcomeView.swift in Sources */,
				DAC4E16729EF702B004B62C3 /* CoreDataHelper.swift in Sources */,
				DA36AAEC261A308200FEC043 /* ContentView.swift in Sources */,
				DA71E82E25EC18D7009C14E1 /* NotificationView.swift in Sources */,
				DA23987D2606B0870037199E /* CustomButtonStyles.swift in Sources */,
				DA2398252606A5EB0037199E /* Simply_Good_Habits.xcdatamodeld in Sources */,
			);
			runOnlyForDeploymentPostprocessing = 0;
		};
		DADB9C88259AA722000C1ABB /* Sources */ = {
			isa = PBXSourcesBuildPhase;
			buildActionMask = 2147483647;
			files = (
				DA32AAAE25B4D5DC001D82DF /* Haptics.swift in Sources */,
				DADB9CB0259AA722000C1ABB /* ContentView.swift in Sources */,
				DAA3963226DAD11400F812C9 /* SessionDelegator.swift in Sources */,
				DA32AAA725B4D5A4001D82DF /* PlaySound.swift in Sources */,
				DADB2D1225BCCD9B006BBAA4 /* WelcomeView.swift in Sources */,
				DADB9CAE259AA722000C1ABB /* Simply_Good_HabitsApp.swift in Sources */,
				DAC4E16529EF702B004B62C3 /* CoreDataHelper.swift in Sources */,
				DA4D53AE25C8F87F00974930 /* EditView.swift in Sources */,
				DAF45688259D7C970067345D /* CustomButtonStyles.swift in Sources */,
				DAB00F3B25AB7B250016E7DB /* Simply_Good_Habits.xcdatamodeld in Sources */,
				DAB00FC325AB7BE10016E7DB /* Persistence.swift in Sources */,
			);
			runOnlyForDeploymentPostprocessing = 0;
		};
		DADB9C90259AA722000C1ABB /* Sources */ = {
			isa = PBXSourcesBuildPhase;
			buildActionMask = 2147483647;
			files = (
				DA32AAAF25B4D5DC001D82DF /* Haptics.swift in Sources */,
				DADB9CB1259AA722000C1ABB /* ContentView.swift in Sources */,
				DAA3963326DAD11400F812C9 /* SessionDelegator.swift in Sources */,
				DA32AAA825B4D5A4001D82DF /* PlaySound.swift in Sources */,
				DADB2D1325BCCD9B006BBAA4 /* WelcomeView.swift in Sources */,
				DADB9CAF259AA722000C1ABB /* Simply_Good_HabitsApp.swift in Sources */,
				DAC4E16629EF702B004B62C3 /* CoreDataHelper.swift in Sources */,
				DA4D53AF25C8F87F00974930 /* EditView.swift in Sources */,
				DAF45689259D7C970067345D /* CustomButtonStyles.swift in Sources */,
				DAB00F3C25AB7B250016E7DB /* Simply_Good_Habits.xcdatamodeld in Sources */,
				DAB00FC425AB7BE10016E7DB /* Persistence.swift in Sources */,
			);
			runOnlyForDeploymentPostprocessing = 0;
		};
		DADB9C98259AA722000C1ABB /* Sources */ = {
			isa = PBXSourcesBuildPhase;
			buildActionMask = 2147483647;
			files = (
				DADB9CA1259AA722000C1ABB /* Tests_iOS.swift in Sources */,
			);
			runOnlyForDeploymentPostprocessing = 0;
		};
		DADB9CA3259AA722000C1ABB /* Sources */ = {
			isa = PBXSourcesBuildPhase;
			buildActionMask = 2147483647;
			files = (
				DADB9CAC259AA722000C1ABB /* Tests_macOS.swift in Sources */,
			);
			runOnlyForDeploymentPostprocessing = 0;
		};
/* End PBXSourcesBuildPhase section */

/* Begin PBXTargetDependency section */
		DA71E82525EC18D7009C14E1 /* PBXTargetDependency */ = {
			isa = PBXTargetDependency;
			target = DA71E82125EC18D7009C14E1 /* WatchSimplyGoodHabits Extension */;
			targetProxy = DA71E82425EC18D7009C14E1 /* PBXContainerItemProxy */;
		};
		DA71E83925EC18D8009C14E1 /* PBXTargetDependency */ = {
			isa = PBXTargetDependency;
			target = DA71E81825EC18D7009C14E1 /* WatchSimplyGoodHabits */;
			targetProxy = DA71E83825EC18D8009C14E1 /* PBXContainerItemProxy */;
		};
		DADB9C9E259AA722000C1ABB /* PBXTargetDependency */ = {
			isa = PBXTargetDependency;
			target = DADB9C8B259AA722000C1ABB /* Simply Good Habits (iOS) */;
			targetProxy = DADB9C9D259AA722000C1ABB /* PBXContainerItemProxy */;
		};
		DADB9CA9259AA722000C1ABB /* PBXTargetDependency */ = {
			isa = PBXTargetDependency;
			target = DADB9C93259AA722000C1ABB /* Simply Good Habits (macOS) */;
			targetProxy = DADB9CA8259AA722000C1ABB /* PBXContainerItemProxy */;
		};
/* End PBXTargetDependency section */

/* Begin XCBuildConfiguration section */
		DA71E83C25EC18D8009C14E1 /* Debug */ = {
			isa = XCBuildConfiguration;
			buildSettings = {
				ALWAYS_EMBED_SWIFT_STANDARD_LIBRARIES = YES;
				ASSETCATALOG_COMPILER_APPICON_NAME = AppIcon;
				ASSETCATALOG_COMPILER_GLOBAL_ACCENT_COLOR_NAME = AccentColor;
				CODE_SIGN_STYLE = Automatic;
				CURRENT_PROJECT_VERSION = 2;
				DEVELOPMENT_TEAM = 35L6R57Z7R;
				IBSC_MODULE = WatchSimplyGoodHabits_Extension;
				INFOPLIST_FILE = WatchSimplyGoodHabits/Info.plist;
				MARKETING_VERSION = 1.3;
				PRODUCT_BUNDLE_IDENTIFIER = com.pkrakow.watchkitapp;
				PRODUCT_NAME = "$(TARGET_NAME)";
				SDKROOT = watchos;
				SKIP_INSTALL = YES;
				SWIFT_VERSION = 5.0;
				TARGETED_DEVICE_FAMILY = 4;
				WATCHOS_DEPLOYMENT_TARGET = 7.2;
			};
			name = Debug;
		};
		DA71E83D25EC18D8009C14E1 /* Release */ = {
			isa = XCBuildConfiguration;
			buildSettings = {
				ALWAYS_EMBED_SWIFT_STANDARD_LIBRARIES = YES;
				ASSETCATALOG_COMPILER_APPICON_NAME = AppIcon;
				ASSETCATALOG_COMPILER_GLOBAL_ACCENT_COLOR_NAME = AccentColor;
				CODE_SIGN_STYLE = Automatic;
				CURRENT_PROJECT_VERSION = 2;
				DEVELOPMENT_TEAM = 35L6R57Z7R;
				IBSC_MODULE = WatchSimplyGoodHabits_Extension;
				INFOPLIST_FILE = WatchSimplyGoodHabits/Info.plist;
				MARKETING_VERSION = 1.3;
				PRODUCT_BUNDLE_IDENTIFIER = com.pkrakow.watchkitapp;
				PRODUCT_NAME = "$(TARGET_NAME)";
				SDKROOT = watchos;
				SKIP_INSTALL = YES;
				SWIFT_VERSION = 5.0;
				TARGETED_DEVICE_FAMILY = 4;
				VALIDATE_PRODUCT = YES;
				WATCHOS_DEPLOYMENT_TARGET = 7.2;
			};
			name = Release;
		};
		DA71E83F25EC18D8009C14E1 /* Debug */ = {
			isa = XCBuildConfiguration;
			buildSettings = {
				ASSETCATALOG_COMPILER_COMPLICATION_NAME = Complication;
				CODE_SIGN_STYLE = Automatic;
				CURRENT_PROJECT_VERSION = 2;
				DEVELOPMENT_ASSET_PATHS = "\"WatchSimplyGoodHabits Extension/Preview Content\"";
				DEVELOPMENT_TEAM = 35L6R57Z7R;
				ENABLE_PREVIEWS = YES;
				INFOPLIST_FILE = "WatchSimplyGoodHabits Extension/Info.plist";
				LD_RUNPATH_SEARCH_PATHS = (
					"$(inherited)",
					"@executable_path/Frameworks",
					"@executable_path/../../Frameworks",
				);
				MARKETING_VERSION = 1.3;
				PRODUCT_BUNDLE_IDENTIFIER = com.pkrakow.watchkitapp.watchkitextension;
				PRODUCT_NAME = "${TARGET_NAME}";
				SDKROOT = watchos;
				SKIP_INSTALL = YES;
				SWIFT_VERSION = 5.0;
				TARGETED_DEVICE_FAMILY = 4;
				WATCHOS_DEPLOYMENT_TARGET = 7.2;
			};
			name = Debug;
		};
		DA71E84025EC18D8009C14E1 /* Release */ = {
			isa = XCBuildConfiguration;
			buildSettings = {
				ASSETCATALOG_COMPILER_COMPLICATION_NAME = Complication;
				CODE_SIGN_STYLE = Automatic;
				CURRENT_PROJECT_VERSION = 2;
				DEVELOPMENT_ASSET_PATHS = "\"WatchSimplyGoodHabits Extension/Preview Content\"";
				DEVELOPMENT_TEAM = 35L6R57Z7R;
				ENABLE_PREVIEWS = YES;
				INFOPLIST_FILE = "WatchSimplyGoodHabits Extension/Info.plist";
				LD_RUNPATH_SEARCH_PATHS = (
					"$(inherited)",
					"@executable_path/Frameworks",
					"@executable_path/../../Frameworks",
				);
				MARKETING_VERSION = 1.3;
				PRODUCT_BUNDLE_IDENTIFIER = com.pkrakow.watchkitapp.watchkitextension;
				PRODUCT_NAME = "${TARGET_NAME}";
				SDKROOT = watchos;
				SKIP_INSTALL = YES;
				SWIFT_VERSION = 5.0;
				TARGETED_DEVICE_FAMILY = 4;
				VALIDATE_PRODUCT = YES;
				WATCHOS_DEPLOYMENT_TARGET = 7.2;
			};
			name = Release;
		};
		DADB9CB4259AA722000C1ABB /* Debug */ = {
			isa = XCBuildConfiguration;
			buildSettings = {
				ALWAYS_SEARCH_USER_PATHS = NO;
				CLANG_ANALYZER_NONNULL = YES;
				CLANG_ANALYZER_NUMBER_OBJECT_CONVERSION = YES_AGGRESSIVE;
				CLANG_CXX_LANGUAGE_STANDARD = "gnu++14";
				CLANG_CXX_LIBRARY = "libc++";
				CLANG_ENABLE_MODULES = YES;
				CLANG_ENABLE_OBJC_ARC = YES;
				CLANG_ENABLE_OBJC_WEAK = YES;
				CLANG_WARN_BLOCK_CAPTURE_AUTORELEASING = YES;
				CLANG_WARN_BOOL_CONVERSION = YES;
				CLANG_WARN_COMMA = YES;
				CLANG_WARN_CONSTANT_CONVERSION = YES;
				CLANG_WARN_DEPRECATED_OBJC_IMPLEMENTATIONS = YES;
				CLANG_WARN_DIRECT_OBJC_ISA_USAGE = YES_ERROR;
				CLANG_WARN_DOCUMENTATION_COMMENTS = YES;
				CLANG_WARN_EMPTY_BODY = YES;
				CLANG_WARN_ENUM_CONVERSION = YES;
				CLANG_WARN_INFINITE_RECURSION = YES;
				CLANG_WARN_INT_CONVERSION = YES;
				CLANG_WARN_NON_LITERAL_NULL_CONVERSION = YES;
				CLANG_WARN_OBJC_IMPLICIT_RETAIN_SELF = YES;
				CLANG_WARN_OBJC_LITERAL_CONVERSION = YES;
				CLANG_WARN_OBJC_ROOT_CLASS = YES_ERROR;
				CLANG_WARN_QUOTED_INCLUDE_IN_FRAMEWORK_HEADER = YES;
				CLANG_WARN_RANGE_LOOP_ANALYSIS = YES;
				CLANG_WARN_STRICT_PROTOTYPES = YES;
				CLANG_WARN_SUSPICIOUS_MOVE = YES;
				CLANG_WARN_UNGUARDED_AVAILABILITY = YES_AGGRESSIVE;
				CLANG_WARN_UNREACHABLE_CODE = YES;
				CLANG_WARN__DUPLICATE_METHOD_MATCH = YES;
				COPY_PHASE_STRIP = NO;
				DEBUG_INFORMATION_FORMAT = dwarf;
				ENABLE_STRICT_OBJC_MSGSEND = YES;
				ENABLE_TESTABILITY = YES;
				GCC_C_LANGUAGE_STANDARD = gnu11;
				GCC_DYNAMIC_NO_PIC = NO;
				GCC_NO_COMMON_BLOCKS = YES;
				GCC_OPTIMIZATION_LEVEL = 0;
				GCC_PREPROCESSOR_DEFINITIONS = (
					"DEBUG=1",
					"$(inherited)",
				);
				GCC_WARN_64_TO_32_BIT_CONVERSION = YES;
				GCC_WARN_ABOUT_RETURN_TYPE = YES_ERROR;
				GCC_WARN_UNDECLARED_SELECTOR = YES;
				GCC_WARN_UNINITIALIZED_AUTOS = YES_AGGRESSIVE;
				GCC_WARN_UNUSED_FUNCTION = YES;
				GCC_WARN_UNUSED_VARIABLE = YES;
				MTL_ENABLE_DEBUG_INFO = INCLUDE_SOURCE;
				MTL_FAST_MATH = YES;
				ONLY_ACTIVE_ARCH = YES;
				SWIFT_ACTIVE_COMPILATION_CONDITIONS = DEBUG;
				SWIFT_OPTIMIZATION_LEVEL = "-Onone";
			};
			name = Debug;
		};
		DADB9CB5259AA722000C1ABB /* Release */ = {
			isa = XCBuildConfiguration;
			buildSettings = {
				ALWAYS_SEARCH_USER_PATHS = NO;
				CLANG_ANALYZER_NONNULL = YES;
				CLANG_ANALYZER_NUMBER_OBJECT_CONVERSION = YES_AGGRESSIVE;
				CLANG_CXX_LANGUAGE_STANDARD = "gnu++14";
				CLANG_CXX_LIBRARY = "libc++";
				CLANG_ENABLE_MODULES = YES;
				CLANG_ENABLE_OBJC_ARC = YES;
				CLANG_ENABLE_OBJC_WEAK = YES;
				CLANG_WARN_BLOCK_CAPTURE_AUTORELEASING = YES;
				CLANG_WARN_BOOL_CONVERSION = YES;
				CLANG_WARN_COMMA = YES;
				CLANG_WARN_CONSTANT_CONVERSION = YES;
				CLANG_WARN_DEPRECATED_OBJC_IMPLEMENTATIONS = YES;
				CLANG_WARN_DIRECT_OBJC_ISA_USAGE = YES_ERROR;
				CLANG_WARN_DOCUMENTATION_COMMENTS = YES;
				CLANG_WARN_EMPTY_BODY = YES;
				CLANG_WARN_ENUM_CONVERSION = YES;
				CLANG_WARN_INFINITE_RECURSION = YES;
				CLANG_WARN_INT_CONVERSION = YES;
				CLANG_WARN_NON_LITERAL_NULL_CONVERSION = YES;
				CLANG_WARN_OBJC_IMPLICIT_RETAIN_SELF = YES;
				CLANG_WARN_OBJC_LITERAL_CONVERSION = YES;
				CLANG_WARN_OBJC_ROOT_CLASS = YES_ERROR;
				CLANG_WARN_QUOTED_INCLUDE_IN_FRAMEWORK_HEADER = YES;
				CLANG_WARN_RANGE_LOOP_ANALYSIS = YES;
				CLANG_WARN_STRICT_PROTOTYPES = YES;
				CLANG_WARN_SUSPICIOUS_MOVE = YES;
				CLANG_WARN_UNGUARDED_AVAILABILITY = YES_AGGRESSIVE;
				CLANG_WARN_UNREACHABLE_CODE = YES;
				CLANG_WARN__DUPLICATE_METHOD_MATCH = YES;
				COPY_PHASE_STRIP = NO;
				DEBUG_INFORMATION_FORMAT = "dwarf-with-dsym";
				ENABLE_NS_ASSERTIONS = NO;
				ENABLE_STRICT_OBJC_MSGSEND = YES;
				GCC_C_LANGUAGE_STANDARD = gnu11;
				GCC_NO_COMMON_BLOCKS = YES;
				GCC_WARN_64_TO_32_BIT_CONVERSION = YES;
				GCC_WARN_ABOUT_RETURN_TYPE = YES_ERROR;
				GCC_WARN_UNDECLARED_SELECTOR = YES;
				GCC_WARN_UNINITIALIZED_AUTOS = YES_AGGRESSIVE;
				GCC_WARN_UNUSED_FUNCTION = YES;
				GCC_WARN_UNUSED_VARIABLE = YES;
				MTL_ENABLE_DEBUG_INFO = NO;
				MTL_FAST_MATH = YES;
				SWIFT_COMPILATION_MODE = wholemodule;
				SWIFT_OPTIMIZATION_LEVEL = "-O";
			};
			name = Release;
		};
		DADB9CB7259AA722000C1ABB /* Debug */ = {
			isa = XCBuildConfiguration;
			buildSettings = {
				ASSETCATALOG_COMPILER_APPICON_NAME = AppIcon;
				ASSETCATALOG_COMPILER_GLOBAL_ACCENT_COLOR_NAME = AccentColor;
				CODE_SIGN_STYLE = Automatic;
				CURRENT_PROJECT_VERSION = 2;
				DEVELOPMENT_TEAM = 35L6R57Z7R;
				ENABLE_PREVIEWS = YES;
				INFOPLIST_FILE = iOS/Info.plist;
				IPHONEOS_DEPLOYMENT_TARGET = 14.0;
				LD_RUNPATH_SEARCH_PATHS = (
					"$(inherited)",
					"@executable_path/Frameworks",
				);
				MARKETING_VERSION = 1.3;
				PRODUCT_BUNDLE_IDENTIFIER = com.pkrakow;
				PRODUCT_NAME = "Simply Good Habits";
				SDKROOT = iphoneos;
				SWIFT_VERSION = 5.0;
				TARGETED_DEVICE_FAMILY = "1,2";
			};
			name = Debug;
		};
		DADB9CB8259AA722000C1ABB /* Release */ = {
			isa = XCBuildConfiguration;
			buildSettings = {
				ASSETCATALOG_COMPILER_APPICON_NAME = AppIcon;
				ASSETCATALOG_COMPILER_GLOBAL_ACCENT_COLOR_NAME = AccentColor;
				CODE_SIGN_STYLE = Automatic;
				CURRENT_PROJECT_VERSION = 2;
				DEVELOPMENT_TEAM = 35L6R57Z7R;
				ENABLE_PREVIEWS = YES;
				INFOPLIST_FILE = iOS/Info.plist;
				IPHONEOS_DEPLOYMENT_TARGET = 14.0;
				LD_RUNPATH_SEARCH_PATHS = (
					"$(inherited)",
					"@executable_path/Frameworks",
				);
				MARKETING_VERSION = 1.3;
				PRODUCT_BUNDLE_IDENTIFIER = com.pkrakow;
				PRODUCT_NAME = "Simply Good Habits";
				SDKROOT = iphoneos;
				SWIFT_VERSION = 5.0;
				TARGETED_DEVICE_FAMILY = "1,2";
				VALIDATE_PRODUCT = YES;
			};
			name = Release;
		};
		DADB9CBA259AA722000C1ABB /* Debug */ = {
			isa = XCBuildConfiguration;
			buildSettings = {
				ASSETCATALOG_COMPILER_APPICON_NAME = AppIcon;
				ASSETCATALOG_COMPILER_GLOBAL_ACCENT_COLOR_NAME = AccentColor;
				CODE_SIGN_ENTITLEMENTS = macOS/macOS.entitlements;
				CODE_SIGN_IDENTITY = "-";
				CODE_SIGN_STYLE = Automatic;
				COMBINE_HIDPI_IMAGES = YES;
				CURRENT_PROJECT_VERSION = 2;
				DEVELOPMENT_TEAM = 35L6R57Z7R;
				ENABLE_HARDENED_RUNTIME = YES;
				ENABLE_PREVIEWS = YES;
				INFOPLIST_FILE = macOS/Info.plist;
				LD_RUNPATH_SEARCH_PATHS = (
					"$(inherited)",
					"@executable_path/../Frameworks",
				);
				MACOSX_DEPLOYMENT_TARGET = 11.0;
				MARKETING_VERSION = 1.3;
				PRODUCT_BUNDLE_IDENTIFIER = "COVID-19.Simply-Good-Habits";
				PRODUCT_NAME = "Simply Good Habits";
				SDKROOT = macosx;
				SWIFT_VERSION = 5.0;
			};
			name = Debug;
		};
		DADB9CBB259AA722000C1ABB /* Release */ = {
			isa = XCBuildConfiguration;
			buildSettings = {
				ASSETCATALOG_COMPILER_APPICON_NAME = AppIcon;
				ASSETCATALOG_COMPILER_GLOBAL_ACCENT_COLOR_NAME = AccentColor;
				CODE_SIGN_ENTITLEMENTS = macOS/macOS.entitlements;
				CODE_SIGN_IDENTITY = "-";
				CODE_SIGN_STYLE = Automatic;
				COMBINE_HIDPI_IMAGES = YES;
				CURRENT_PROJECT_VERSION = 2;
				DEVELOPMENT_TEAM = 35L6R57Z7R;
				ENABLE_HARDENED_RUNTIME = YES;
				ENABLE_PREVIEWS = YES;
				INFOPLIST_FILE = macOS/Info.plist;
				LD_RUNPATH_SEARCH_PATHS = (
					"$(inherited)",
					"@executable_path/../Frameworks",
				);
				MACOSX_DEPLOYMENT_TARGET = 11.0;
				MARKETING_VERSION = 1.3;
				PRODUCT_BUNDLE_IDENTIFIER = "COVID-19.Simply-Good-Habits";
				PRODUCT_NAME = "Simply Good Habits";
				SDKROOT = macosx;
				SWIFT_VERSION = 5.0;
			};
			name = Release;
		};
		DADB9CBD259AA722000C1ABB /* Debug */ = {
			isa = XCBuildConfiguration;
			buildSettings = {
				ALWAYS_EMBED_SWIFT_STANDARD_LIBRARIES = YES;
				CODE_SIGN_STYLE = Automatic;
				DEVELOPMENT_TEAM = 35L6R57Z7R;
				INFOPLIST_FILE = "Tests iOS/Info.plist";
				IPHONEOS_DEPLOYMENT_TARGET = 14.3;
				LD_RUNPATH_SEARCH_PATHS = (
					"$(inherited)",
					"@executable_path/Frameworks",
					"@loader_path/Frameworks",
				);
				PRODUCT_BUNDLE_IDENTIFIER = "COVID-19.Tests-iOS";
				PRODUCT_NAME = "$(TARGET_NAME)";
				SDKROOT = iphoneos;
				SWIFT_VERSION = 5.0;
				TARGETED_DEVICE_FAMILY = "1,2";
				TEST_TARGET_NAME = "Simply Good Habits (iOS)";
			};
			name = Debug;
		};
		DADB9CBE259AA722000C1ABB /* Release */ = {
			isa = XCBuildConfiguration;
			buildSettings = {
				ALWAYS_EMBED_SWIFT_STANDARD_LIBRARIES = YES;
				CODE_SIGN_STYLE = Automatic;
				DEVELOPMENT_TEAM = 35L6R57Z7R;
				INFOPLIST_FILE = "Tests iOS/Info.plist";
				IPHONEOS_DEPLOYMENT_TARGET = 14.3;
				LD_RUNPATH_SEARCH_PATHS = (
					"$(inherited)",
					"@executable_path/Frameworks",
					"@loader_path/Frameworks",
				);
				PRODUCT_BUNDLE_IDENTIFIER = "COVID-19.Tests-iOS";
				PRODUCT_NAME = "$(TARGET_NAME)";
				SDKROOT = iphoneos;
				SWIFT_VERSION = 5.0;
				TARGETED_DEVICE_FAMILY = "1,2";
				TEST_TARGET_NAME = "Simply Good Habits (iOS)";
				VALIDATE_PRODUCT = YES;
			};
			name = Release;
		};
		DADB9CC0259AA722000C1ABB /* Debug */ = {
			isa = XCBuildConfiguration;
			buildSettings = {
				ALWAYS_EMBED_SWIFT_STANDARD_LIBRARIES = YES;
				CODE_SIGN_STYLE = Automatic;
				COMBINE_HIDPI_IMAGES = YES;
				DEVELOPMENT_TEAM = 35L6R57Z7R;
				INFOPLIST_FILE = "Tests macOS/Info.plist";
				LD_RUNPATH_SEARCH_PATHS = (
					"$(inherited)",
					"@executable_path/../Frameworks",
					"@loader_path/../Frameworks",
				);
				MACOSX_DEPLOYMENT_TARGET = 11.1;
				PRODUCT_BUNDLE_IDENTIFIER = "COVID-19.Tests-macOS";
				PRODUCT_NAME = "$(TARGET_NAME)";
				SDKROOT = macosx;
				SWIFT_VERSION = 5.0;
				TEST_TARGET_NAME = "Simply Good Habits (macOS)";
			};
			name = Debug;
		};
		DADB9CC1259AA722000C1ABB /* Release */ = {
			isa = XCBuildConfiguration;
			buildSettings = {
				ALWAYS_EMBED_SWIFT_STANDARD_LIBRARIES = YES;
				CODE_SIGN_STYLE = Automatic;
				COMBINE_HIDPI_IMAGES = YES;
				DEVELOPMENT_TEAM = 35L6R57Z7R;
				INFOPLIST_FILE = "Tests macOS/Info.plist";
				LD_RUNPATH_SEARCH_PATHS = (
					"$(inherited)",
					"@executable_path/../Frameworks",
					"@loader_path/../Frameworks",
				);
				MACOSX_DEPLOYMENT_TARGET = 11.1;
				PRODUCT_BUNDLE_IDENTIFIER = "COVID-19.Tests-macOS";
				PRODUCT_NAME = "$(TARGET_NAME)";
				SDKROOT = macosx;
				SWIFT_VERSION = 5.0;
				TEST_TARGET_NAME = "Simply Good Habits (macOS)";
			};
			name = Release;
		};
/* End XCBuildConfiguration section */

/* Begin XCConfigurationList section */
		DA71E84125EC18D8009C14E1 /* Build configuration list for PBXNativeTarget "WatchSimplyGoodHabits Extension" */ = {
			isa = XCConfigurationList;
			buildConfigurations = (
				DA71E83F25EC18D8009C14E1 /* Debug */,
				DA71E84025EC18D8009C14E1 /* Release */,
			);
			defaultConfigurationIsVisible = 0;
			defaultConfigurationName = Release;
		};
		DA71E84225EC18D8009C14E1 /* Build configuration list for PBXNativeTarget "WatchSimplyGoodHabits" */ = {
			isa = XCConfigurationList;
			buildConfigurations = (
				DA71E83C25EC18D8009C14E1 /* Debug */,
				DA71E83D25EC18D8009C14E1 /* Release */,
			);
			defaultConfigurationIsVisible = 0;
			defaultConfigurationName = Release;
		};
		DADB9C83259AA721000C1ABB /* Build configuration list for PBXProject "Simply Good Habits" */ = {
			isa = XCConfigurationList;
			buildConfigurations = (
				DADB9CB4259AA722000C1ABB /* Debug */,
				DADB9CB5259AA722000C1ABB /* Release */,
			);
			defaultConfigurationIsVisible = 0;
			defaultConfigurationName = Release;
		};
		DADB9CB6259AA722000C1ABB /* Build configuration list for PBXNativeTarget "Simply Good Habits (iOS)" */ = {
			isa = XCConfigurationList;
			buildConfigurations = (
				DADB9CB7259AA722000C1ABB /* Debug */,
				DADB9CB8259AA722000C1ABB /* Release */,
			);
			defaultConfigurationIsVisible = 0;
			defaultConfigurationName = Release;
		};
		DADB9CB9259AA722000C1ABB /* Build configuration list for PBXNativeTarget "Simply Good Habits (macOS)" */ = {
			isa = XCConfigurationList;
			buildConfigurations = (
				DADB9CBA259AA722000C1ABB /* Debug */,
				DADB9CBB259AA722000C1ABB /* Release */,
			);
			defaultConfigurationIsVisible = 0;
			defaultConfigurationName = Release;
		};
		DADB9CBC259AA722000C1ABB /* Build configuration list for PBXNativeTarget "Tests iOS" */ = {
			isa = XCConfigurationList;
			buildConfigurations = (
				DADB9CBD259AA722000C1ABB /* Debug */,
				DADB9CBE259AA722000C1ABB /* Release */,
			);
			defaultConfigurationIsVisible = 0;
			defaultConfigurationName = Release;
		};
		DADB9CBF259AA722000C1ABB /* Build configuration list for PBXNativeTarget "Tests macOS" */ = {
			isa = XCConfigurationList;
			buildConfigurations = (
				DADB9CC0259AA722000C1ABB /* Debug */,
				DADB9CC1259AA722000C1ABB /* Release */,
			);
			defaultConfigurationIsVisible = 0;
			defaultConfigurationName = Release;
		};
/* End XCConfigurationList section */

/* Begin XCRemoteSwiftPackageReference section */
		DAC15E2B25D0E7550052B85D /* XCRemoteSwiftPackageReference "swiftui-navigation-stack" */ = {
			isa = XCRemoteSwiftPackageReference;
			repositoryURL = "https://github.com/matteopuc/swiftui-navigation-stack.git";
			requirement = {
				branch = master;
				kind = branch;
			};
		};
/* End XCRemoteSwiftPackageReference section */

/* Begin XCSwiftPackageProductDependency section */
		DAA0532626193A31003C3465 /* NavigationStack */ = {
			isa = XCSwiftPackageProductDependency;
			package = DAC15E2B25D0E7550052B85D /* XCRemoteSwiftPackageReference "swiftui-navigation-stack" */;
			productName = NavigationStack;
		};
		DAC15E2C25D0E7550052B85D /* NavigationStack */ = {
			isa = XCSwiftPackageProductDependency;
			package = DAC15E2B25D0E7550052B85D /* XCRemoteSwiftPackageReference "swiftui-navigation-stack" */;
			productName = NavigationStack;
		};
/* End XCSwiftPackageProductDependency section */

/* Begin XCVersionGroup section */
		DAB00F3925AB7B250016E7DB /* Simply_Good_Habits.xcdatamodeld */ = {
			isa = XCVersionGroup;
			children = (
				DAB00F3A25AB7B250016E7DB /* SimplyGoodHabits.xcdatamodel */,
			);
			currentVersion = DAB00F3A25AB7B250016E7DB /* SimplyGoodHabits.xcdatamodel */;
			path = Simply_Good_Habits.xcdatamodeld;
			sourceTree = "<group>";
			versionGroupType = wrapper.xcdatamodel;
		};
/* End XCVersionGroup section */
	};
	rootObject = DADB9C80259AA721000C1ABB /* Project object */;
}
